// !$*UTF8*$!
{
	archiveVersion = 1;
	classes = {
	};
	objectVersion = 56;
	objects = {

/* Begin PBXBuildFile section */
		AA353BE82C36D1E300AA9119 /* AppDelegate.swift in Sources */ = {isa = PBXBuildFile; fileRef = AA353BE72C36D1E300AA9119 /* AppDelegate.swift */; };
		AA353BEA2C36D1E300AA9119 /* SceneDelegate.swift in Sources */ = {isa = PBXBuildFile; fileRef = AA353BE92C36D1E300AA9119 /* SceneDelegate.swift */; };
		AA353BEC2C36D1E300AA9119 /* ViewController.swift in Sources */ = {isa = PBXBuildFile; fileRef = AA353BEB2C36D1E300AA9119 /* ViewController.swift */; };
		AA353BEF2C36D1E300AA9119 /* Base in Resources */ = {isa = PBXBuildFile; fileRef = AA353BEE2C36D1E300AA9119 /* Base */; };
		AA353BF22C36D1E300AA9119 /* RickCoreData.xcdatamodeld in Sources */ = {isa = PBXBuildFile; fileRef = AA353BF02C36D1E300AA9119 /* RickCoreData.xcdatamodeld */; };
		AA353BF42C36D1E500AA9119 /* Assets.xcassets in Resources */ = {isa = PBXBuildFile; fileRef = AA353BF32C36D1E500AA9119 /* Assets.xcassets */; };
		AA353BF72C36D1E500AA9119 /* Base in Resources */ = {isa = PBXBuildFile; fileRef = AA353BF62C36D1E500AA9119 /* Base */; };
		AA353C002C36D7CB00AA9119 /* SnapKit in Frameworks */ = {isa = PBXBuildFile; productRef = AA353BFF2C36D7CB00AA9119 /* SnapKit */; };
		AA353C022C36D7CB00AA9119 /* SnapKit-Dynamic in Frameworks */ = {isa = PBXBuildFile; productRef = AA353C012C36D7CB00AA9119 /* SnapKit-Dynamic */; };
		AA353C042C36D7E100AA9119 /* NetworkManager.swift in Sources */ = {isa = PBXBuildFile; fileRef = AA353C032C36D7E100AA9119 /* NetworkManager.swift */; };
		AA353C062C36D82000AA9119 /* CharacterEntity.swift in Sources */ = {isa = PBXBuildFile; fileRef = AA353C052C36D82000AA9119 /* CharacterEntity.swift */; };
		AA353C092C36D8EF00AA9119 /* DataManager.swift in Sources */ = {isa = PBXBuildFile; fileRef = AA353C082C36D8EF00AA9119 /* DataManager.swift */; };
		AA353C0B2C36D94300AA9119 /* CoreDataManager.swift in Sources */ = {isa = PBXBuildFile; fileRef = AA353C0A2C36D94300AA9119 /* CoreDataManager.swift */; };
/* End PBXBuildFile section */

/* Begin PBXFileReference section */
		AA353BE42C36D1E300AA9119 /* RickCoreData.app */ = {isa = PBXFileReference; explicitFileType = wrapper.application; includeInIndex = 0; path = RickCoreData.app; sourceTree = BUILT_PRODUCTS_DIR; };
		AA353BE72C36D1E300AA9119 /* AppDelegate.swift */ = {isa = PBXFileReference; lastKnownFileType = sourcecode.swift; path = AppDelegate.swift; sourceTree = "<group>"; };
		AA353BE92C36D1E300AA9119 /* SceneDelegate.swift */ = {isa = PBXFileReference; lastKnownFileType = sourcecode.swift; path = SceneDelegate.swift; sourceTree = "<group>"; };
		AA353BEB2C36D1E300AA9119 /* ViewController.swift */ = {isa = PBXFileReference; lastKnownFileType = sourcecode.swift; path = ViewController.swift; sourceTree = "<group>"; };
		AA353BEE2C36D1E300AA9119 /* Base */ = {isa = PBXFileReference; lastKnownFileType = file.storyboard; name = Base; path = Base.lproj/Main.storyboard; sourceTree = "<group>"; };
		AA353BF12C36D1E300AA9119 /* RickCoreData.xcdatamodel */ = {isa = PBXFileReference; lastKnownFileType = wrapper.xcdatamodel; path = RickCoreData.xcdatamodel; sourceTree = "<group>"; };
		AA353BF32C36D1E500AA9119 /* Assets.xcassets */ = {isa = PBXFileReference; lastKnownFileType = folder.assetcatalog; path = Assets.xcassets; sourceTree = "<group>"; };
		AA353BF62C36D1E500AA9119 /* Base */ = {isa = PBXFileReference; lastKnownFileType = file.storyboard; name = Base; path = Base.lproj/LaunchScreen.storyboard; sourceTree = "<group>"; };
		AA353BF82C36D1E500AA9119 /* Info.plist */ = {isa = PBXFileReference; lastKnownFileType = text.plist.xml; path = Info.plist; sourceTree = "<group>"; };
		AA353C032C36D7E100AA9119 /* NetworkManager.swift */ = {isa = PBXFileReference; lastKnownFileType = sourcecode.swift; path = NetworkManager.swift; sourceTree = "<group>"; };
		AA353C052C36D82000AA9119 /* CharacterEntity.swift */ = {isa = PBXFileReference; lastKnownFileType = sourcecode.swift; path = CharacterEntity.swift; sourceTree = "<group>"; };
		AA353C082C36D8EF00AA9119 /* DataManager.swift */ = {isa = PBXFileReference; lastKnownFileType = sourcecode.swift; path = DataManager.swift; sourceTree = "<group>"; };
		AA353C0A2C36D94300AA9119 /* CoreDataManager.swift */ = {isa = PBXFileReference; lastKnownFileType = sourcecode.swift; path = CoreDataManager.swift; sourceTree = "<group>"; };
/* End PBXFileReference section */

/* Begin PBXFrameworksBuildPhase section */
		AA353BE12C36D1E300AA9119 /* Frameworks */ = {
			isa = PBXFrameworksBuildPhase;
			buildActionMask = 2147483647;
			files = (
				AA353C002C36D7CB00AA9119 /* SnapKit in Frameworks */,
				AA353C022C36D7CB00AA9119 /* SnapKit-Dynamic in Frameworks */,
			);
			runOnlyForDeploymentPostprocessing = 0;
		};
/* End PBXFrameworksBuildPhase section */

/* Begin PBXGroup section */
		AA353BDB2C36D1E300AA9119 = {
			isa = PBXGroup;
			children = (
				AA353BE62C36D1E300AA9119 /* RickCoreData */,
				AA353BE52C36D1E300AA9119 /* Products */,
			);
			sourceTree = "<group>";
		};
		AA353BE52C36D1E300AA9119 /* Products */ = {
			isa = PBXGroup;
			children = (
				AA353BE42C36D1E300AA9119 /* RickCoreData.app */,
			);
			name = Products;
			sourceTree = "<group>";
		};
		AA353BE62C36D1E300AA9119 /* RickCoreData */ = {
			isa = PBXGroup;
			children = (
				AA353BE72C36D1E300AA9119 /* AppDelegate.swift */,
				AA353BE92C36D1E300AA9119 /* SceneDelegate.swift */,
				AA353BEB2C36D1E300AA9119 /* ViewController.swift */,
				AA353C072C36D8C300AA9119 /* Core */,
				AA353BED2C36D1E300AA9119 /* Main.storyboard */,
				AA353BF32C36D1E500AA9119 /* Assets.xcassets */,
				AA353BF52C36D1E500AA9119 /* LaunchScreen.storyboard */,
				AA353BF82C36D1E500AA9119 /* Info.plist */,
				AA353BF02C36D1E300AA9119 /* RickCoreData.xcdatamodeld */,
			);
			path = RickCoreData;
			sourceTree = "<group>";
		};
		AA353C072C36D8C300AA9119 /* Core */ = {
			isa = PBXGroup;
			children = (
				AA353C052C36D82000AA9119 /* CharacterEntity.swift */,
				AA353C032C36D7E100AA9119 /* NetworkManager.swift */,
				AA353C082C36D8EF00AA9119 /* DataManager.swift */,
				AA353C0A2C36D94300AA9119 /* CoreDataManager.swift */,
			);
			path = Core;
			sourceTree = "<group>";
		};
/* End PBXGroup section */

/* Begin PBXNativeTarget section */
		AA353BE32C36D1E300AA9119 /* RickCoreData */ = {
			isa = PBXNativeTarget;
			buildConfigurationList = AA353BFB2C36D1E500AA9119 /* Build configuration list for PBXNativeTarget "RickCoreData" */;
			buildPhases = (
				AA353BE02C36D1E300AA9119 /* Sources */,
				AA353BE12C36D1E300AA9119 /* Frameworks */,
				AA353BE22C36D1E300AA9119 /* Resources */,
			);
			buildRules = (
			);
			dependencies = (
			);
			name = RickCoreData;
			packageProductDependencies = (
				AA353BFF2C36D7CB00AA9119 /* SnapKit */,
				AA353C012C36D7CB00AA9119 /* SnapKit-Dynamic */,
			);
			productName = RickCoreData;
			productReference = AA353BE42C36D1E300AA9119 /* RickCoreData.app */;
			productType = "com.apple.product-type.application";
		};
/* End PBXNativeTarget section */

/* Begin PBXProject section */
		AA353BDC2C36D1E300AA9119 /* Project object */ = {
			isa = PBXProject;
			attributes = {
				BuildIndependentTargetsInParallel = 1;
				LastSwiftUpdateCheck = 1530;
				LastUpgradeCheck = 1530;
				TargetAttributes = {
					AA353BE32C36D1E300AA9119 = {
						CreatedOnToolsVersion = 15.3;
					};
				};
			};
			buildConfigurationList = AA353BDF2C36D1E300AA9119 /* Build configuration list for PBXProject "RickCoreData" */;
			compatibilityVersion = "Xcode 14.0";
			developmentRegion = en;
			hasScannedForEncodings = 0;
			knownRegions = (
				en,
				Base,
			);
			mainGroup = AA353BDB2C36D1E300AA9119;
			packageReferences = (
				AA353BFE2C36D7CB00AA9119 /* XCRemoteSwiftPackageReference "SnapKit" */,
			);
			productRefGroup = AA353BE52C36D1E300AA9119 /* Products */;
			projectDirPath = "";
			projectRoot = "";
			targets = (
				AA353BE32C36D1E300AA9119 /* RickCoreData */,
			);
		};
/* End PBXProject section */

/* Begin PBXResourcesBuildPhase section */
		AA353BE22C36D1E300AA9119 /* Resources */ = {
			isa = PBXResourcesBuildPhase;
			buildActionMask = 2147483647;
			files = (
				AA353BF42C36D1E500AA9119 /* Assets.xcassets in Resources */,
				AA353BF72C36D1E500AA9119 /* Base in Resources */,
				AA353BEF2C36D1E300AA9119 /* Base in Resources */,
			);
			runOnlyForDeploymentPostprocessing = 0;
		};
/* End PBXResourcesBuildPhase section */

/* Begin PBXSourcesBuildPhase section */
		AA353BE02C36D1E300AA9119 /* Sources */ = {
			isa = PBXSourcesBuildPhase;
			buildActionMask = 2147483647;
			files = (
				AA353BEC2C36D1E300AA9119 /* ViewController.swift in Sources */,
				AA353BF22C36D1E300AA9119 /* RickCoreData.xcdatamodeld in Sources */,
				AA353C042C36D7E100AA9119 /* NetworkManager.swift in Sources */,
				AA353C092C36D8EF00AA9119 /* DataManager.swift in Sources */,
				AA353BE82C36D1E300AA9119 /* AppDelegate.swift in Sources */,
				AA353C062C36D82000AA9119 /* CharacterEntity.swift in Sources */,
				AA353C0B2C36D94300AA9119 /* CoreDataManager.swift in Sources */,
				AA353BEA2C36D1E300AA9119 /* SceneDelegate.swift in Sources */,
			);
			runOnlyForDeploymentPostprocessing = 0;
		};
/* End PBXSourcesBuildPhase section */

/* Begin PBXVariantGroup section */
		AA353BED2C36D1E300AA9119 /* Main.storyboard */ = {
			isa = PBXVariantGroup;
			children = (
				AA353BEE2C36D1E300AA9119 /* Base */,
			);
			name = Main.storyboard;
			sourceTree = "<group>";
		};
		AA353BF52C36D1E500AA9119 /* LaunchScreen.storyboard */ = {
			isa = PBXVariantGroup;
			children = (
				AA353BF62C36D1E500AA9119 /* Base */,
			);
			name = LaunchScreen.storyboard;
			sourceTree = "<group>";
		};
/* End PBXVariantGroup section */

/* Begin XCBuildConfiguration section */
		AA353BF92C36D1E500AA9119 /* Debug */ = {
			isa = XCBuildConfiguration;
			buildSettings = {
				ALWAYS_SEARCH_USER_PATHS = NO;
				ASSETCATALOG_COMPILER_GENERATE_SWIFT_ASSET_SYMBOL_EXTENSIONS = YES;
				CLANG_ANALYZER_NONNULL = YES;
				CLANG_ANALYZER_NUMBER_OBJECT_CONVERSION = YES_AGGRESSIVE;
				CLANG_CXX_LANGUAGE_STANDARD = "gnu++20";
				CLANG_ENABLE_MODULES = YES;
				CLANG_ENABLE_OBJC_ARC = YES;
				CLANG_ENABLE_OBJC_WEAK = YES;
				CLANG_WARN_BLOCK_CAPTURE_AUTORELEASING = YES;
				CLANG_WARN_BOOL_CONVERSION = YES;
				CLANG_WARN_COMMA = YES;
				CLANG_WARN_CONSTANT_CONVERSION = YES;
				CLANG_WARN_DEPRECATED_OBJC_IMPLEMENTATIONS = YES;
				CLANG_WARN_DIRECT_OBJC_ISA_USAGE = YES_ERROR;
				CLANG_WARN_DOCUMENTATION_COMMENTS = YES;
				CLANG_WARN_EMPTY_BODY = YES;
				CLANG_WARN_ENUM_CONVERSION = YES;
				CLANG_WARN_INFINITE_RECURSION = YES;
				CLANG_WARN_INT_CONVERSION = YES;
				CLANG_WARN_NON_LITERAL_NULL_CONVERSION = YES;
				CLANG_WARN_OBJC_IMPLICIT_RETAIN_SELF = YES;
				CLANG_WARN_OBJC_LITERAL_CONVERSION = YES;
				CLANG_WARN_OBJC_ROOT_CLASS = YES_ERROR;
				CLANG_WARN_QUOTED_INCLUDE_IN_FRAMEWORK_HEADER = YES;
				CLANG_WARN_RANGE_LOOP_ANALYSIS = YES;
				CLANG_WARN_STRICT_PROTOTYPES = YES;
				CLANG_WARN_SUSPICIOUS_MOVE = YES;
				CLANG_WARN_UNGUARDED_AVAILABILITY = YES_AGGRESSIVE;
				CLANG_WARN_UNREACHABLE_CODE = YES;
				CLANG_WARN__DUPLICATE_METHOD_MATCH = YES;
				COPY_PHASE_STRIP = NO;
				DEBUG_INFORMATION_FORMAT = dwarf;
				ENABLE_STRICT_OBJC_MSGSEND = YES;
				ENABLE_TESTABILITY = YES;
				ENABLE_USER_SCRIPT_SANDBOXING = YES;
				GCC_C_LANGUAGE_STANDARD = gnu17;
				GCC_DYNAMIC_NO_PIC = NO;
				GCC_NO_COMMON_BLOCKS = YES;
				GCC_OPTIMIZATION_LEVEL = 0;
				GCC_PREPROCESSOR_DEFINITIONS = (
					"DEBUG=1",
					"$(inherited)",
				);
				GCC_WARN_64_TO_32_BIT_CONVERSION = YES;
				GCC_WARN_ABOUT_RETURN_TYPE = YES_ERROR;
				GCC_WARN_UNDECLARED_SELECTOR = YES;
				GCC_WARN_UNINITIALIZED_AUTOS = YES_AGGRESSIVE;
				GCC_WARN_UNUSED_FUNCTION = YES;
				GCC_WARN_UNUSED_VARIABLE = YES;
				IPHONEOS_DEPLOYMENT_TARGET = 17.4;
				LOCALIZATION_PREFERS_STRING_CATALOGS = YES;
				MTL_ENABLE_DEBUG_INFO = INCLUDE_SOURCE;
				MTL_FAST_MATH = YES;
				ONLY_ACTIVE_ARCH = YES;
				SDKROOT = iphoneos;
				SWIFT_ACTIVE_COMPILATION_CONDITIONS = "DEBUG $(inherited)";
				SWIFT_OPTIMIZATION_LEVEL = "-Onone";
			};
			name = Debug;
		};
		AA353BFA2C36D1E500AA9119 /* Release */ = {
			isa = XCBuildConfiguration;
			buildSettings = {
				ALWAYS_SEARCH_USER_PATHS = NO;
				ASSETCATALOG_COMPILER_GENERATE_SWIFT_ASSET_SYMBOL_EXTENSIONS = YES;
				CLANG_ANALYZER_NONNULL = YES;
				CLANG_ANALYZER_NUMBER_OBJECT_CONVERSION = YES_AGGRESSIVE;
				CLANG_CXX_LANGUAGE_STANDARD = "gnu++20";
				CLANG_ENABLE_MODULES = YES;
				CLANG_ENABLE_OBJC_ARC = YES;
				CLANG_ENABLE_OBJC_WEAK = YES;
				CLANG_WARN_BLOCK_CAPTURE_AUTORELEASING = YES;
				CLANG_WARN_BOOL_CONVERSION = YES;
				CLANG_WARN_COMMA = YES;
				CLANG_WARN_CONSTANT_CONVERSION = YES;
				CLANG_WARN_DEPRECATED_OBJC_IMPLEMENTATIONS = YES;
				CLANG_WARN_DIRECT_OBJC_ISA_USAGE = YES_ERROR;
				CLANG_WARN_DOCUMENTATION_COMMENTS = YES;
				CLANG_WARN_EMPTY_BODY = YES;
				CLANG_WARN_ENUM_CONVERSION = YES;
				CLANG_WARN_INFINITE_RECURSION = YES;
				CLANG_WARN_INT_CONVERSION = YES;
				CLANG_WARN_NON_LITERAL_NULL_CONVERSION = YES;
				CLANG_WARN_OBJC_IMPLICIT_RETAIN_SELF = YES;
				CLANG_WARN_OBJC_LITERAL_CONVERSION = YES;
				CLANG_WARN_OBJC_ROOT_CLASS = YES_ERROR;
				CLANG_WARN_QUOTED_INCLUDE_IN_FRAMEWORK_HEADER = YES;
				CLANG_WARN_RANGE_LOOP_ANALYSIS = YES;
				CLANG_WARN_STRICT_PROTOTYPES = YES;
				CLANG_WARN_SUSPICIOUS_MOVE = YES;
				CLANG_WARN_UNGUARDED_AVAILABILITY = YES_AGGRESSIVE;
				CLANG_WARN_UNREACHABLE_CODE = YES;
				CLANG_WARN__DUPLICATE_METHOD_MATCH = YES;
				COPY_PHASE_STRIP = NO;
				DEBUG_INFORMATION_FORMAT = "dwarf-with-dsym";
				ENABLE_NS_ASSERTIONS = NO;
				ENABLE_STRICT_OBJC_MSGSEND = YES;
				ENABLE_USER_SCRIPT_SANDBOXING = YES;
				GCC_C_LANGUAGE_STANDARD = gnu17;
				GCC_NO_COMMON_BLOCKS = YES;
				GCC_WARN_64_TO_32_BIT_CONVERSION = YES;
				GCC_WARN_ABOUT_RETURN_TYPE = YES_ERROR;
				GCC_WARN_UNDECLARED_SELECTOR = YES;
				GCC_WARN_UNINITIALIZED_AUTOS = YES_AGGRESSIVE;
				GCC_WARN_UNUSED_FUNCTION = YES;
				GCC_WARN_UNUSED_VARIABLE = YES;
				IPHONEOS_DEPLOYMENT_TARGET = 17.4;
				LOCALIZATION_PREFERS_STRING_CATALOGS = YES;
				MTL_ENABLE_DEBUG_INFO = NO;
				MTL_FAST_MATH = YES;
				SDKROOT = iphoneos;
				SWIFT_COMPILATION_MODE = wholemodule;
				VALIDATE_PRODUCT = YES;
			};
			name = Release;
		};
		AA353BFC2C36D1E500AA9119 /* Debug */ = {
			isa = XCBuildConfiguration;
			buildSettings = {
				ASSETCATALOG_COMPILER_APPICON_NAME = AppIcon;
				ASSETCATALOG_COMPILER_GLOBAL_ACCENT_COLOR_NAME = AccentColor;
				CODE_SIGN_STYLE = Automatic;
				CURRENT_PROJECT_VERSION = 1;
				DEVELOPMENT_TEAM = 77KKK88QP8;
				GENERATE_INFOPLIST_FILE = YES;
				INFOPLIST_FILE = RickCoreData/Info.plist;
				INFOPLIST_KEY_UIApplicationSupportsIndirectInputEvents = YES;
				INFOPLIST_KEY_UILaunchStoryboardName = LaunchScreen;
				INFOPLIST_KEY_UIMainStoryboardFile = Main;
				INFOPLIST_KEY_UISupportedInterfaceOrientations_iPad = "UIInterfaceOrientationPortrait UIInterfaceOrientationPortraitUpsideDown UIInterfaceOrientationLandscapeLeft UIInterfaceOrientationLandscapeRight";
				INFOPLIST_KEY_UISupportedInterfaceOrientations_iPhone = "UIInterfaceOrientationPortrait UIInterfaceOrientationLandscapeLeft UIInterfaceOrientationLandscapeRight";
				LD_RUNPATH_SEARCH_PATHS = (
					"$(inherited)",
					"@executable_path/Frameworks",
				);
				MARKETING_VERSION = 1.0;
				PRODUCT_BUNDLE_IDENTIFIER = Raheemspb.RickCoreData;
				PRODUCT_NAME = "$(TARGET_NAME)";
				SWIFT_EMIT_LOC_STRINGS = YES;
				SWIFT_VERSION = 5.0;
				TARGETED_DEVICE_FAMILY = "1,2";
			};
			name = Debug;
		};
		AA353BFD2C36D1E500AA9119 /* Release */ = {
			isa = XCBuildConfiguration;
			buildSettings = {
				ASSETCATALOG_COMPILER_APPICON_NAME = AppIcon;
				ASSETCATALOG_COMPILER_GLOBAL_ACCENT_COLOR_NAME = AccentColor;
				CODE_SIGN_STYLE = Automatic;
				CURRENT_PROJECT_VERSION = 1;
				DEVELOPMENT_TEAM = 77KKK88QP8;
				GENERATE_INFOPLIST_FILE = YES;
				INFOPLIST_FILE = RickCoreData/Info.plist;
				INFOPLIST_KEY_UIApplicationSupportsIndirectInputEvents = YES;
				INFOPLIST_KEY_UILaunchStoryboardName = LaunchScreen;
				INFOPLIST_KEY_UIMainStoryboardFile = Main;
				INFOPLIST_KEY_UISupportedInterfaceOrientations_iPad = "UIInterfaceOrientationPortrait UIInterfaceOrientationPortraitUpsideDown UIInterfaceOrientationLandscapeLeft UIInterfaceOrientationLandscapeRight";
				INFOPLIST_KEY_UISupportedInterfaceOrientations_iPhone = "UIInterfaceOrientationPortrait UIInterfaceOrientationLandscapeLeft UIInterfaceOrientationLandscapeRight";
				LD_RUNPATH_SEARCH_PATHS = (
					"$(inherited)",
					"@executable_path/Frameworks",
				);
				MARKETING_VERSION = 1.0;
				PRODUCT_BUNDLE_IDENTIFIER = Raheemspb.RickCoreData;
				PRODUCT_NAME = "$(TARGET_NAME)";
				SWIFT_EMIT_LOC_STRINGS = YES;
				SWIFT_VERSION = 5.0;
				TARGETED_DEVICE_FAMILY = "1,2";
			};
			name = Release;
		};
/* End XCBuildConfiguration section */

/* Begin XCConfigurationList section */
		AA353BDF2C36D1E300AA9119 /* Build configuration list for PBXProject "RickCoreData" */ = {
			isa = XCConfigurationList;
			buildConfigurations = (
				AA353BF92C36D1E500AA9119 /* Debug */,
				AA353BFA2C36D1E500AA9119 /* Release */,
			);
			defaultConfigurationIsVisible = 0;
			defaultConfigurationName = Release;
		};
		AA353BFB2C36D1E500AA9119 /* Build configuration list for PBXNativeTarget "RickCoreData" */ = {
			isa = XCConfigurationList;
			buildConfigurations = (
				AA353BFC2C36D1E500AA9119 /* Debug */,
				AA353BFD2C36D1E500AA9119 /* Release */,
			);
			defaultConfigurationIsVisible = 0;
			defaultConfigurationName = Release;
		};
/* End XCConfigurationList section */

/* Begin XCRemoteSwiftPackageReference section */
		AA353BFE2C36D7CB00AA9119 /* XCRemoteSwiftPackageReference "SnapKit" */ = {
			isa = XCRemoteSwiftPackageReference;
			repositoryURL = "https://github.com/SnapKit/SnapKit";
			requirement = {
				kind = upToNextMajorVersion;
				minimumVersion = 5.7.1;
			};
		};
/* End XCRemoteSwiftPackageReference section */

/* Begin XCSwiftPackageProductDependency section */
		AA353BFF2C36D7CB00AA9119 /* SnapKit */ = {
			isa = XCSwiftPackageProductDependency;
			package = AA353BFE2C36D7CB00AA9119 /* XCRemoteSwiftPackageReference "SnapKit" */;
			productName = SnapKit;
		};
		AA353C012C36D7CB00AA9119 /* SnapKit-Dynamic */ = {
			isa = XCSwiftPackageProductDependency;
			package = AA353BFE2C36D7CB00AA9119 /* XCRemoteSwiftPackageReference "SnapKit" */;
			productName = "SnapKit-Dynamic";
		};
/* End XCSwiftPackageProductDependency section */

/* Begin XCVersionGroup section */
		AA353BF02C36D1E300AA9119 /* RickCoreData.xcdatamodeld */ = {
			isa = XCVersionGroup;
			children = (
				AA353BF12C36D1E300AA9119 /* RickCoreData.xcdatamodel */,
			);
			currentVersion = AA353BF12C36D1E300AA9119 /* RickCoreData.xcdatamodel */;
			path = RickCoreData.xcdatamodeld;
			sourceTree = "<group>";
			versionGroupType = wrapper.xcdatamodel;
		};
/* End XCVersionGroup section */
	};
	rootObject = AA353BDC2C36D1E300AA9119 /* Project object */;
}
